
Microsoft Visual Studio Solution File, Format Version 12.00
# Visual Studio 15
VisualStudioVersion = 15.0.26228.4
MinimumVisualStudioVersion = 10.0.40219.1
Project("{FAE04EC0-301F-11D3-BF4B-00C04F79EFBC}") = "WebApi", "WebApi\WebApi.csproj", "{F823437B-8A48-458B-88C4-519E7781A061}"
EndProject
Project("{FAE04EC0-301F-11D3-BF4B-00C04F79EFBC}") = "Dbh.Model.DataLayer.EF", "Dbh.Model.DataLayer.EF\Dbh.Model.DataLayer.EF.csproj", "{779CC6D4-7CE0-4AE2-8C28-4AD005A79F5D}"
EndProject
Project("{FAE04EC0-301F-11D3-BF4B-00C04F79EFBC}") = "ConsoleTestApp", "ConsoleTestApp\ConsoleTestApp.csproj", "{D15D2CE3-B5C4-4CEE-A219-5ADB05828E03}"
EndProject
Project("{FAE04EC0-301F-11D3-BF4B-00C04F79EFBC}") = "Dbh.Model.EF.Interfaces", "Dbh.Model.EF.Interfaces\Dbh.Model.EF.Interfaces.csproj", "{6F8A7846-15DD-45FD-898D-C9670D6F8129}"
EndProject
Project("{2150E333-8FDC-42A3-9474-1A3956D46DE8}") = "Hosts", "Hosts", "{F8275A1B-4DBB-42F7-B339-4623827706E3}"
EndProject
Project("{2150E333-8FDC-42A3-9474-1A3956D46DE8}") = "DataLayer", "DataLayer", "{88EF9B0A-22A6-436B-B9F6-369DABC0CD8C}"
EndProject
Project("{2150E333-8FDC-42A3-9474-1A3956D46DE8}") = "Common", "Common", "{440D100E-0E4E-4715-8410-07ABCFA9DB59}"
EndProject
Project("{FAE04EC0-301F-11D3-BF4B-00C04F79EFBC}") = "Dbh.Common.IoCContainer", "Dbh.Common.IoCContainer\Dbh.Common.IoCContainer.csproj", "{EF1859C9-6260-4720-93C7-18A41A205EE7}"
EndProject
Project("{2150E333-8FDC-42A3-9474-1A3956D46DE8}") = "ServiceLayer", "ServiceLayer", "{90D433AD-703C-4931-A27E-6E42E6182179}"
EndProject
Project("{2150E333-8FDC-42A3-9474-1A3956D46DE8}") = "BusinessLayer", "BusinessLayer", "{91E41F19-D7AC-4C39-B185-D55B7CA40ADA}"
EndProject
Project("{FAE04EC0-301F-11D3-BF4B-00C04F79EFBC}") = "Dbh.BusinessLayer.Contracts", "Dbh.BusinessLayer.Contracts\Dbh.BusinessLayer.Contracts.csproj", "{6CC71D50-BE42-4001-8C08-997FF42B3DE6}"
EndProject
Project("{FAE04EC0-301F-11D3-BF4B-00C04F79EFBC}") = "Dbh.BusinessLayer.BL", "Dbh.BusinessLayer.BL\Dbh.BusinessLayer.BL.csproj", "{6156413C-760D-4E65-AF39-D19A53DC2D3F}"
EndProject
Project("{FAE04EC0-301F-11D3-BF4B-00C04F79EFBC}") = "Dbh.ServiceLayer.Contracts", "Dbh.ServiceLayer.Contracts\Dbh.ServiceLayer.Contracts.csproj", "{2CC5C13C-C753-4020-A61B-83F27DBB8024}"
EndProject
Project("{FAE04EC0-301F-11D3-BF4B-00C04F79EFBC}") = "Dbh.ServiceLayer.Services", "Dbh.ServiceLayer.Services\Dbh.ServiceLayer.Services.csproj", "{65A9C9F5-B463-4F1A-BCE6-D1FEDAB7F255}"
EndProject
Project("{FAE04EC0-301F-11D3-BF4B-00C04F79EFBC}") = "WebApp", "WebApp\WebApp.csproj", "{4DC63AF7-64BA-4BAE-8349-7B93D391DC3B}"
EndProject
Project("{FAE04EC0-301F-11D3-BF4B-00C04F79EFBC}") = "MVCWebClient", "WebClient\MVCWebClient.csproj", "{294033CF-0C33-4E16-823E-048559A05EA4}"
EndProject
Global
	GlobalSection(SolutionConfigurationPlatforms) = preSolution
		Debug|Any CPU = Debug|Any CPU
		Debug|x64 = Debug|x64
		Debug|x86 = Debug|x86
		Release|Any CPU = Release|Any CPU
		Release|x64 = Release|x64
		Release|x86 = Release|x86
	EndGlobalSection
	GlobalSection(ProjectConfigurationPlatforms) = postSolution
		{F823437B-8A48-458B-88C4-519E7781A061}.Debug|Any CPU.ActiveCfg = Debug|Any CPU
		{F823437B-8A48-458B-88C4-519E7781A061}.Debug|Any CPU.Build.0 = Debug|Any CPU
		{F823437B-8A48-458B-88C4-519E7781A061}.Debug|x64.ActiveCfg = Debug|Any CPU
		{F823437B-8A48-458B-88C4-519E7781A061}.Debug|x64.Build.0 = Debug|Any CPU
		{F823437B-8A48-458B-88C4-519E7781A061}.Debug|x86.ActiveCfg = Debug|Any CPU
		{F823437B-8A48-458B-88C4-519E7781A061}.Debug|x86.Build.0 = Debug|Any CPU
		{F823437B-8A48-458B-88C4-519E7781A061}.Release|Any CPU.ActiveCfg = Release|Any CPU
		{F823437B-8A48-458B-88C4-519E7781A061}.Release|Any CPU.Build.0 = Release|Any CPU
		{F823437B-8A48-458B-88C4-519E7781A061}.Release|x64.ActiveCfg = Release|Any CPU
		{F823437B-8A48-458B-88C4-519E7781A061}.Release|x64.Build.0 = Release|Any CPU
		{F823437B-8A48-458B-88C4-519E7781A061}.Release|x86.ActiveCfg = Release|Any CPU
		{F823437B-8A48-458B-88C4-519E7781A061}.Release|x86.Build.0 = Release|Any CPU
		{779CC6D4-7CE0-4AE2-8C28-4AD005A79F5D}.Debug|Any CPU.ActiveCfg = Debug|Any CPU
		{779CC6D4-7CE0-4AE2-8C28-4AD005A79F5D}.Debug|Any CPU.Build.0 = Debug|Any CPU
		{779CC6D4-7CE0-4AE2-8C28-4AD005A79F5D}.Debug|x64.ActiveCfg = Debug|Any CPU
		{779CC6D4-7CE0-4AE2-8C28-4AD005A79F5D}.Debug|x64.Build.0 = Debug|Any CPU
		{779CC6D4-7CE0-4AE2-8C28-4AD005A79F5D}.Debug|x86.ActiveCfg = Debug|Any CPU
		{779CC6D4-7CE0-4AE2-8C28-4AD005A79F5D}.Debug|x86.Build.0 = Debug|Any CPU
		{779CC6D4-7CE0-4AE2-8C28-4AD005A79F5D}.Release|Any CPU.ActiveCfg = Release|Any CPU
		{779CC6D4-7CE0-4AE2-8C28-4AD005A79F5D}.Release|Any CPU.Build.0 = Release|Any CPU
		{779CC6D4-7CE0-4AE2-8C28-4AD005A79F5D}.Release|x64.ActiveCfg = Release|Any CPU
		{779CC6D4-7CE0-4AE2-8C28-4AD005A79F5D}.Release|x64.Build.0 = Release|Any CPU
		{779CC6D4-7CE0-4AE2-8C28-4AD005A79F5D}.Release|x86.ActiveCfg = Release|Any CPU
		{779CC6D4-7CE0-4AE2-8C28-4AD005A79F5D}.Release|x86.Build.0 = Release|Any CPU
		{D15D2CE3-B5C4-4CEE-A219-5ADB05828E03}.Debug|Any CPU.ActiveCfg = Debug|Any CPU
		{D15D2CE3-B5C4-4CEE-A219-5ADB05828E03}.Debug|Any CPU.Build.0 = Debug|Any CPU
		{D15D2CE3-B5C4-4CEE-A219-5ADB05828E03}.Debug|x64.ActiveCfg = Debug|Any CPU
		{D15D2CE3-B5C4-4CEE-A219-5ADB05828E03}.Debug|x64.Build.0 = Debug|Any CPU
		{D15D2CE3-B5C4-4CEE-A219-5ADB05828E03}.Debug|x86.ActiveCfg = Debug|Any CPU
		{D15D2CE3-B5C4-4CEE-A219-5ADB05828E03}.Debug|x86.Build.0 = Debug|Any CPU
		{D15D2CE3-B5C4-4CEE-A219-5ADB05828E03}.Release|Any CPU.ActiveCfg = Release|Any CPU
		{D15D2CE3-B5C4-4CEE-A219-5ADB05828E03}.Release|Any CPU.Build.0 = Release|Any CPU
		{D15D2CE3-B5C4-4CEE-A219-5ADB05828E03}.Release|x64.ActiveCfg = Release|Any CPU
		{D15D2CE3-B5C4-4CEE-A219-5ADB05828E03}.Release|x64.Build.0 = Release|Any CPU
		{D15D2CE3-B5C4-4CEE-A219-5ADB05828E03}.Release|x86.ActiveCfg = Release|Any CPU
		{D15D2CE3-B5C4-4CEE-A219-5ADB05828E03}.Release|x86.Build.0 = Release|Any CPU
		{6F8A7846-15DD-45FD-898D-C9670D6F8129}.Debug|Any CPU.ActiveCfg = Debug|Any CPU
		{6F8A7846-15DD-45FD-898D-C9670D6F8129}.Debug|Any CPU.Build.0 = Debug|Any CPU
		{6F8A7846-15DD-45FD-898D-C9670D6F8129}.Debug|x64.ActiveCfg = Debug|Any CPU
		{6F8A7846-15DD-45FD-898D-C9670D6F8129}.Debug|x64.Build.0 = Debug|Any CPU
		{6F8A7846-15DD-45FD-898D-C9670D6F8129}.Debug|x86.ActiveCfg = Debug|Any CPU
		{6F8A7846-15DD-45FD-898D-C9670D6F8129}.Debug|x86.Build.0 = Debug|Any CPU
		{6F8A7846-15DD-45FD-898D-C9670D6F8129}.Release|Any CPU.ActiveCfg = Release|Any CPU
		{6F8A7846-15DD-45FD-898D-C9670D6F8129}.Release|Any CPU.Build.0 = Release|Any CPU
		{6F8A7846-15DD-45FD-898D-C9670D6F8129}.Release|x64.ActiveCfg = Release|Any CPU
		{6F8A7846-15DD-45FD-898D-C9670D6F8129}.Release|x64.Build.0 = Release|Any CPU
		{6F8A7846-15DD-45FD-898D-C9670D6F8129}.Release|x86.ActiveCfg = Release|Any CPU
		{6F8A7846-15DD-45FD-898D-C9670D6F8129}.Release|x86.Build.0 = Release|Any CPU
		{EF1859C9-6260-4720-93C7-18A41A205EE7}.Debug|Any CPU.ActiveCfg = Debug|Any CPU
		{EF1859C9-6260-4720-93C7-18A41A205EE7}.Debug|Any CPU.Build.0 = Debug|Any CPU
		{EF1859C9-6260-4720-93C7-18A41A205EE7}.Debug|x64.ActiveCfg = Debug|Any CPU
		{EF1859C9-6260-4720-93C7-18A41A205EE7}.Debug|x64.Build.0 = Debug|Any CPU
		{EF1859C9-6260-4720-93C7-18A41A205EE7}.Debug|x86.ActiveCfg = Debug|Any CPU
		{EF1859C9-6260-4720-93C7-18A41A205EE7}.Debug|x86.Build.0 = Debug|Any CPU
		{EF1859C9-6260-4720-93C7-18A41A205EE7}.Release|Any CPU.ActiveCfg = Release|Any CPU
		{EF1859C9-6260-4720-93C7-18A41A205EE7}.Release|Any CPU.Build.0 = Release|Any CPU
		{EF1859C9-6260-4720-93C7-18A41A205EE7}.Release|x64.ActiveCfg = Release|Any CPU
		{EF1859C9-6260-4720-93C7-18A41A205EE7}.Release|x64.Build.0 = Release|Any CPU
		{EF1859C9-6260-4720-93C7-18A41A205EE7}.Release|x86.ActiveCfg = Release|Any CPU
		{EF1859C9-6260-4720-93C7-18A41A205EE7}.Release|x86.Build.0 = Release|Any CPU
		{6CC71D50-BE42-4001-8C08-997FF42B3DE6}.Debug|Any CPU.ActiveCfg = Debug|Any CPU
		{6CC71D50-BE42-4001-8C08-997FF42B3DE6}.Debug|Any CPU.Build.0 = Debug|Any CPU
		{6CC71D50-BE42-4001-8C08-997FF42B3DE6}.Debug|x64.ActiveCfg = Debug|Any CPU
		{6CC71D50-BE42-4001-8C08-997FF42B3DE6}.Debug|x64.Build.0 = Debug|Any CPU
		{6CC71D50-BE42-4001-8C08-997FF42B3DE6}.Debug|x86.ActiveCfg = Debug|Any CPU
		{6CC71D50-BE42-4001-8C08-997FF42B3DE6}.Debug|x86.Build.0 = Debug|Any CPU
		{6CC71D50-BE42-4001-8C08-997FF42B3DE6}.Release|Any CPU.ActiveCfg = Release|Any CPU
		{6CC71D50-BE42-4001-8C08-997FF42B3DE6}.Release|Any CPU.Build.0 = Release|Any CPU
		{6CC71D50-BE42-4001-8C08-997FF42B3DE6}.Release|x64.ActiveCfg = Release|Any CPU
		{6CC71D50-BE42-4001-8C08-997FF42B3DE6}.Release|x64.Build.0 = Release|Any CPU
		{6CC71D50-BE42-4001-8C08-997FF42B3DE6}.Release|x86.ActiveCfg = Release|Any CPU
		{6CC71D50-BE42-4001-8C08-997FF42B3DE6}.Release|x86.Build.0 = Release|Any CPU
		{6156413C-760D-4E65-AF39-D19A53DC2D3F}.Debug|Any CPU.ActiveCfg = Debug|Any CPU
		{6156413C-760D-4E65-AF39-D19A53DC2D3F}.Debug|Any CPU.Build.0 = Debug|Any CPU
		{6156413C-760D-4E65-AF39-D19A53DC2D3F}.Debug|x64.ActiveCfg = Debug|Any CPU
		{6156413C-760D-4E65-AF39-D19A53DC2D3F}.Debug|x64.Build.0 = Debug|Any CPU
		{6156413C-760D-4E65-AF39-D19A53DC2D3F}.Debug|x86.ActiveCfg = Debug|Any CPU
		{6156413C-760D-4E65-AF39-D19A53DC2D3F}.Debug|x86.Build.0 = Debug|Any CPU
		{6156413C-760D-4E65-AF39-D19A53DC2D3F}.Release|Any CPU.ActiveCfg = Release|Any CPU
		{6156413C-760D-4E65-AF39-D19A53DC2D3F}.Release|Any CPU.Build.0 = Release|Any CPU
		{6156413C-760D-4E65-AF39-D19A53DC2D3F}.Release|x64.ActiveCfg = Release|Any CPU
		{6156413C-760D-4E65-AF39-D19A53DC2D3F}.Release|x64.Build.0 = Release|Any CPU
		{6156413C-760D-4E65-AF39-D19A53DC2D3F}.Release|x86.ActiveCfg = Release|Any CPU
		{6156413C-760D-4E65-AF39-D19A53DC2D3F}.Release|x86.Build.0 = Release|Any CPU
		{2CC5C13C-C753-4020-A61B-83F27DBB8024}.Debug|Any CPU.ActiveCfg = Debug|Any CPU
		{2CC5C13C-C753-4020-A61B-83F27DBB8024}.Debug|Any CPU.Build.0 = Debug|Any CPU
		{2CC5C13C-C753-4020-A61B-83F27DBB8024}.Debug|x64.ActiveCfg = Debug|Any CPU
		{2CC5C13C-C753-4020-A61B-83F27DBB8024}.Debug|x64.Build.0 = Debug|Any CPU
		{2CC5C13C-C753-4020-A61B-83F27DBB8024}.Debug|x86.ActiveCfg = Debug|Any CPU
		{2CC5C13C-C753-4020-A61B-83F27DBB8024}.Debug|x86.Build.0 = Debug|Any CPU
		{2CC5C13C-C753-4020-A61B-83F27DBB8024}.Release|Any CPU.ActiveCfg = Release|Any CPU
		{2CC5C13C-C753-4020-A61B-83F27DBB8024}.Release|Any CPU.Build.0 = Release|Any CPU
		{2CC5C13C-C753-4020-A61B-83F27DBB8024}.Release|x64.ActiveCfg = Release|Any CPU
		{2CC5C13C-C753-4020-A61B-83F27DBB8024}.Release|x64.Build.0 = Release|Any CPU
		{2CC5C13C-C753-4020-A61B-83F27DBB8024}.Release|x86.ActiveCfg = Release|Any CPU
		{2CC5C13C-C753-4020-A61B-83F27DBB8024}.Release|x86.Build.0 = Release|Any CPU
		{65A9C9F5-B463-4F1A-BCE6-D1FEDAB7F255}.Debug|Any CPU.ActiveCfg = Debug|Any CPU
		{65A9C9F5-B463-4F1A-BCE6-D1FEDAB7F255}.Debug|Any CPU.Build.0 = Debug|Any CPU
		{65A9C9F5-B463-4F1A-BCE6-D1FEDAB7F255}.Debug|x64.ActiveCfg = Debug|Any CPU
		{65A9C9F5-B463-4F1A-BCE6-D1FEDAB7F255}.Debug|x64.Build.0 = Debug|Any CPU
		{65A9C9F5-B463-4F1A-BCE6-D1FEDAB7F255}.Debug|x86.ActiveCfg = Debug|Any CPU
		{65A9C9F5-B463-4F1A-BCE6-D1FEDAB7F255}.Debug|x86.Build.0 = Debug|Any CPU
		{65A9C9F5-B463-4F1A-BCE6-D1FEDAB7F255}.Release|Any CPU.ActiveCfg = Release|Any CPU
		{65A9C9F5-B463-4F1A-BCE6-D1FEDAB7F255}.Release|Any CPU.Build.0 = Release|Any CPU
		{65A9C9F5-B463-4F1A-BCE6-D1FEDAB7F255}.Release|x64.ActiveCfg = Release|Any CPU
		{65A9C9F5-B463-4F1A-BCE6-D1FEDAB7F255}.Release|x64.Build.0 = Release|Any CPU
		{65A9C9F5-B463-4F1A-BCE6-D1FEDAB7F255}.Release|x86.ActiveCfg = Release|Any CPU
		{65A9C9F5-B463-4F1A-BCE6-D1FEDAB7F255}.Release|x86.Build.0 = Release|Any CPU
		{4DC63AF7-64BA-4BAE-8349-7B93D391DC3B}.Debug|Any CPU.ActiveCfg = Debug|Any CPU
		{4DC63AF7-64BA-4BAE-8349-7B93D391DC3B}.Debug|Any CPU.Build.0 = Debug|Any CPU
		{4DC63AF7-64BA-4BAE-8349-7B93D391DC3B}.Debug|x64.ActiveCfg = Debug|Any CPU
		{4DC63AF7-64BA-4BAE-8349-7B93D391DC3B}.Debug|x64.Build.0 = Debug|Any CPU
		{4DC63AF7-64BA-4BAE-8349-7B93D391DC3B}.Debug|x86.ActiveCfg = Debug|Any CPU
		{4DC63AF7-64BA-4BAE-8349-7B93D391DC3B}.Debug|x86.Build.0 = Debug|Any CPU
		{4DC63AF7-64BA-4BAE-8349-7B93D391DC3B}.Release|Any CPU.ActiveCfg = Release|Any CPU
		{4DC63AF7-64BA-4BAE-8349-7B93D391DC3B}.Release|Any CPU.Build.0 = Release|Any CPU
		{4DC63AF7-64BA-4BAE-8349-7B93D391DC3B}.Release|x64.ActiveCfg = Release|Any CPU
		{4DC63AF7-64BA-4BAE-8349-7B93D391DC3B}.Release|x64.Build.0 = Release|Any CPU
		{4DC63AF7-64BA-4BAE-8349-7B93D391DC3B}.Release|x86.ActiveCfg = Release|Any CPU
		{4DC63AF7-64BA-4BAE-8349-7B93D391DC3B}.Release|x86.Build.0 = Release|Any CPU
		{294033CF-0C33-4E16-823E-048559A05EA4}.Debug|Any CPU.ActiveCfg = Debug|Any CPU
		{294033CF-0C33-4E16-823E-048559A05EA4}.Debug|Any CPU.Build.0 = Debug|Any CPU
		{294033CF-0C33-4E16-823E-048559A05EA4}.Debug|x64.ActiveCfg = Debug|Any CPU
		{294033CF-0C33-4E16-823E-048559A05EA4}.Debug|x64.Build.0 = Debug|Any CPU
		{294033CF-0C33-4E16-823E-048559A05EA4}.Debug|x86.ActiveCfg = Debug|Any CPU
		{294033CF-0C33-4E16-823E-048559A05EA4}.Debug|x86.Build.0 = Debug|Any CPU
		{294033CF-0C33-4E16-823E-048559A05EA4}.Release|Any CPU.ActiveCfg = Release|Any CPU
		{294033CF-0C33-4E16-823E-048559A05EA4}.Release|Any CPU.Build.0 = Release|Any CPU
		{294033CF-0C33-4E16-823E-048559A05EA4}.Release|x64.ActiveCfg = Release|Any CPU
		{294033CF-0C33-4E16-823E-048559A05EA4}.Release|x64.Build.0 = Release|Any CPU
		{294033CF-0C33-4E16-823E-048559A05EA4}.Release|x86.ActiveCfg = Release|Any CPU
		{294033CF-0C33-4E16-823E-048559A05EA4}.Release|x86.Build.0 = Release|Any CPU
	EndGlobalSection
	GlobalSection(SolutionProperties) = preSolution
		HideSolutionNode = FALSE
	EndGlobalSection
	GlobalSection(NestedProjects) = preSolution
		{F823437B-8A48-458B-88C4-519E7781A061} = {F8275A1B-4DBB-42F7-B339-4623827706E3}
		{779CC6D4-7CE0-4AE2-8C28-4AD005A79F5D} = {88EF9B0A-22A6-436B-B9F6-369DABC0CD8C}
		{D15D2CE3-B5C4-4CEE-A219-5ADB05828E03} = {F8275A1B-4DBB-42F7-B339-4623827706E3}
		{6F8A7846-15DD-45FD-898D-C9670D6F8129} = {88EF9B0A-22A6-436B-B9F6-369DABC0CD8C}
		{EF1859C9-6260-4720-93C7-18A41A205EE7} = {440D100E-0E4E-4715-8410-07ABCFA9DB59}
		{6CC71D50-BE42-4001-8C08-997FF42B3DE6} = {91E41F19-D7AC-4C39-B185-D55B7CA40ADA}
		{6156413C-760D-4E65-AF39-D19A53DC2D3F} = {91E41F19-D7AC-4C39-B185-D55B7CA40ADA}
		{2CC5C13C-C753-4020-A61B-83F27DBB8024} = {90D433AD-703C-4931-A27E-6E42E6182179}
		{65A9C9F5-B463-4F1A-BCE6-D1FEDAB7F255} = {90D433AD-703C-4931-A27E-6E42E6182179}
		{4DC63AF7-64BA-4BAE-8349-7B93D391DC3B} = {F8275A1B-4DBB-42F7-B339-4623827706E3}
		{294033CF-0C33-4E16-823E-048559A05EA4} = {F8275A1B-4DBB-42F7-B339-4623827706E3}
	EndGlobalSection
EndGlobal
