
Microsoft Visual Studio Solution File, Format Version 12.00
# Visual Studio 15
VisualStudioVersion = 15.0.26403.7
MinimumVisualStudioVersion = 10.0.40219.1
Project("{9A19103F-16F7-4668-BE54-9A1E7A4F7556}") = "Dbh.Model.DataLayer.EF", "Dbh.Model.DataLayer.EF\Dbh.Model.DataLayer.EF.csproj", "{779CC6D4-7CE0-4AE2-8C28-4AD005A79F5D}"
EndProject
Project("{2150E333-8FDC-42A3-9474-1A3956D46DE8}") = "Hosts", "Hosts", "{F8275A1B-4DBB-42F7-B339-4623827706E3}"
EndProject
Project("{2150E333-8FDC-42A3-9474-1A3956D46DE8}") = "DataLayer", "DataLayer", "{88EF9B0A-22A6-436B-B9F6-369DABC0CD8C}"
EndProject
Project("{2150E333-8FDC-42A3-9474-1A3956D46DE8}") = "Common", "Common", "{440D100E-0E4E-4715-8410-07ABCFA9DB59}"
EndProject
Project("{9A19103F-16F7-4668-BE54-9A1E7A4F7556}") = "Dbh.Common.IoCContainer", "Dbh.Common.IoCContainer\Dbh.Common.IoCContainer.csproj", "{EF1859C9-6260-4720-93C7-18A41A205EE7}"
EndProject
Project("{2150E333-8FDC-42A3-9474-1A3956D46DE8}") = "ServiceLayer", "ServiceLayer", "{90D433AD-703C-4931-A27E-6E42E6182179}"
EndProject
Project("{2150E333-8FDC-42A3-9474-1A3956D46DE8}") = "BusinessLayer", "BusinessLayer", "{91E41F19-D7AC-4C39-B185-D55B7CA40ADA}"
EndProject
Project("{9A19103F-16F7-4668-BE54-9A1E7A4F7556}") = "Dbh.BusinessLayer.Contracts", "Dbh.BusinessLayer.Contracts\Dbh.BusinessLayer.Contracts.csproj", "{6CC71D50-BE42-4001-8C08-997FF42B3DE6}"
EndProject
Project("{9A19103F-16F7-4668-BE54-9A1E7A4F7556}") = "Dbh.BusinessLayer.BL", "Dbh.BusinessLayer.BL\Dbh.BusinessLayer.BL.csproj", "{6156413C-760D-4E65-AF39-D19A53DC2D3F}"
EndProject
Project("{9A19103F-16F7-4668-BE54-9A1E7A4F7556}") = "Dbh.ServiceLayer.Contracts", "Dbh.ServiceLayer.Contracts\Dbh.ServiceLayer.Contracts.csproj", "{2CC5C13C-C753-4020-A61B-83F27DBB8024}"
EndProject
Project("{9A19103F-16F7-4668-BE54-9A1E7A4F7556}") = "Dbh.ServiceLayer.Services", "Dbh.ServiceLayer.Services\Dbh.ServiceLayer.Services.csproj", "{65A9C9F5-B463-4F1A-BCE6-D1FEDAB7F255}"
EndProject
Project("{9A19103F-16F7-4668-BE54-9A1E7A4F7556}") = "MVCWebClient", "WebClient\MVCWebClient.csproj", "{294033CF-0C33-4E16-823E-048559A05EA4}"
EndProject
Project("{2150E333-8FDC-42A3-9474-1A3956D46DE8}") = "Tests", "Tests", "{F4B7642F-812B-4893-A10A-27886BDF8875}"
EndProject
Project("{9A19103F-16F7-4668-BE54-9A1E7A4F7556}") = "DataGeneratorTests", "DataGeneratorTests\DataGeneratorTests.csproj", "{7C03E1AA-2B45-400A-AC3E-0ECD1BC27C9E}"
EndProject
Project("{9A19103F-16F7-4668-BE54-9A1E7A4F7556}") = "Dbh.Elasticsearch.BL", "Dbh.Elasticsearch.BL\Dbh.Elasticsearch.BL.csproj", "{D6C37227-6AA0-4084-953B-22C04C74736E}"
EndProject
Project("{9A19103F-16F7-4668-BE54-9A1E7A4F7556}") = "ElasticsearchTests", "ElasticsearchTests\ElasticsearchTests.csproj", "{AED58539-9D7D-4134-8328-2B60C807A901}"
EndProject
Project("{9A19103F-16F7-4668-BE54-9A1E7A4F7556}") = "Dbh.Model.EF.Contracts", "Dbh.Model.EF.Interfaces\Dbh.Model.EF.Contracts.csproj", "{0D6F56A8-8D26-4C58-942D-87AD515E530A}"
EndProject
Project("{F088123C-0E9E-452A-89E6-6BA2F21D5CAC}") = "DependencyValidation1", "DependencyValidation1\DependencyValidation1.modelproj", "{D8E777F9-2C9E-41B0-9812-3E51B373209D}"
EndProject
Global
	GlobalSection(SolutionConfigurationPlatforms) = preSolution
		Debug|Any CPU = Debug|Any CPU
		Debug|x64 = Debug|x64
		Debug|x86 = Debug|x86
		Release|Any CPU = Release|Any CPU
		Release|x64 = Release|x64
		Release|x86 = Release|x86
	EndGlobalSection
	GlobalSection(ProjectConfigurationPlatforms) = postSolution
		{779CC6D4-7CE0-4AE2-8C28-4AD005A79F5D}.Debug|Any CPU.ActiveCfg = Debug|Any CPU
		{779CC6D4-7CE0-4AE2-8C28-4AD005A79F5D}.Debug|Any CPU.Build.0 = Debug|Any CPU
		{779CC6D4-7CE0-4AE2-8C28-4AD005A79F5D}.Debug|x64.ActiveCfg = Debug|Any CPU
		{779CC6D4-7CE0-4AE2-8C28-4AD005A79F5D}.Debug|x64.Build.0 = Debug|Any CPU
		{779CC6D4-7CE0-4AE2-8C28-4AD005A79F5D}.Debug|x86.ActiveCfg = Debug|Any CPU
		{779CC6D4-7CE0-4AE2-8C28-4AD005A79F5D}.Debug|x86.Build.0 = Debug|Any CPU
		{779CC6D4-7CE0-4AE2-8C28-4AD005A79F5D}.Release|Any CPU.ActiveCfg = Release|Any CPU
		{779CC6D4-7CE0-4AE2-8C28-4AD005A79F5D}.Release|Any CPU.Build.0 = Release|Any CPU
		{779CC6D4-7CE0-4AE2-8C28-4AD005A79F5D}.Release|x64.ActiveCfg = Release|Any CPU
		{779CC6D4-7CE0-4AE2-8C28-4AD005A79F5D}.Release|x64.Build.0 = Release|Any CPU
		{779CC6D4-7CE0-4AE2-8C28-4AD005A79F5D}.Release|x86.ActiveCfg = Release|Any CPU
		{779CC6D4-7CE0-4AE2-8C28-4AD005A79F5D}.Release|x86.Build.0 = Release|Any CPU
		{EF1859C9-6260-4720-93C7-18A41A205EE7}.Debug|Any CPU.ActiveCfg = Debug|Any CPU
		{EF1859C9-6260-4720-93C7-18A41A205EE7}.Debug|Any CPU.Build.0 = Debug|Any CPU
		{EF1859C9-6260-4720-93C7-18A41A205EE7}.Debug|x64.ActiveCfg = Debug|Any CPU
		{EF1859C9-6260-4720-93C7-18A41A205EE7}.Debug|x64.Build.0 = Debug|Any CPU
		{EF1859C9-6260-4720-93C7-18A41A205EE7}.Debug|x86.ActiveCfg = Debug|Any CPU
		{EF1859C9-6260-4720-93C7-18A41A205EE7}.Debug|x86.Build.0 = Debug|Any CPU
		{EF1859C9-6260-4720-93C7-18A41A205EE7}.Release|Any CPU.ActiveCfg = Release|Any CPU
		{EF1859C9-6260-4720-93C7-18A41A205EE7}.Release|Any CPU.Build.0 = Release|Any CPU
		{EF1859C9-6260-4720-93C7-18A41A205EE7}.Release|x64.ActiveCfg = Release|Any CPU
		{EF1859C9-6260-4720-93C7-18A41A205EE7}.Release|x64.Build.0 = Release|Any CPU
		{EF1859C9-6260-4720-93C7-18A41A205EE7}.Release|x86.ActiveCfg = Release|Any CPU
		{EF1859C9-6260-4720-93C7-18A41A205EE7}.Release|x86.Build.0 = Release|Any CPU
		{6CC71D50-BE42-4001-8C08-997FF42B3DE6}.Debug|Any CPU.ActiveCfg = Debug|Any CPU
		{6CC71D50-BE42-4001-8C08-997FF42B3DE6}.Debug|Any CPU.Build.0 = Debug|Any CPU
		{6CC71D50-BE42-4001-8C08-997FF42B3DE6}.Debug|x64.ActiveCfg = Debug|Any CPU
		{6CC71D50-BE42-4001-8C08-997FF42B3DE6}.Debug|x64.Build.0 = Debug|Any CPU
		{6CC71D50-BE42-4001-8C08-997FF42B3DE6}.Debug|x86.ActiveCfg = Debug|Any CPU
		{6CC71D50-BE42-4001-8C08-997FF42B3DE6}.Debug|x86.Build.0 = Debug|Any CPU
		{6CC71D50-BE42-4001-8C08-997FF42B3DE6}.Release|Any CPU.ActiveCfg = Release|Any CPU
		{6CC71D50-BE42-4001-8C08-997FF42B3DE6}.Release|Any CPU.Build.0 = Release|Any CPU
		{6CC71D50-BE42-4001-8C08-997FF42B3DE6}.Release|x64.ActiveCfg = Release|Any CPU
		{6CC71D50-BE42-4001-8C08-997FF42B3DE6}.Release|x64.Build.0 = Release|Any CPU
		{6CC71D50-BE42-4001-8C08-997FF42B3DE6}.Release|x86.ActiveCfg = Release|Any CPU
		{6CC71D50-BE42-4001-8C08-997FF42B3DE6}.Release|x86.Build.0 = Release|Any CPU
		{6156413C-760D-4E65-AF39-D19A53DC2D3F}.Debug|Any CPU.ActiveCfg = Debug|Any CPU
		{6156413C-760D-4E65-AF39-D19A53DC2D3F}.Debug|Any CPU.Build.0 = Debug|Any CPU
		{6156413C-760D-4E65-AF39-D19A53DC2D3F}.Debug|x64.ActiveCfg = Debug|Any CPU
		{6156413C-760D-4E65-AF39-D19A53DC2D3F}.Debug|x64.Build.0 = Debug|Any CPU
		{6156413C-760D-4E65-AF39-D19A53DC2D3F}.Debug|x86.ActiveCfg = Debug|Any CPU
		{6156413C-760D-4E65-AF39-D19A53DC2D3F}.Debug|x86.Build.0 = Debug|Any CPU
		{6156413C-760D-4E65-AF39-D19A53DC2D3F}.Release|Any CPU.ActiveCfg = Release|Any CPU
		{6156413C-760D-4E65-AF39-D19A53DC2D3F}.Release|Any CPU.Build.0 = Release|Any CPU
		{6156413C-760D-4E65-AF39-D19A53DC2D3F}.Release|x64.ActiveCfg = Release|Any CPU
		{6156413C-760D-4E65-AF39-D19A53DC2D3F}.Release|x64.Build.0 = Release|Any CPU
		{6156413C-760D-4E65-AF39-D19A53DC2D3F}.Release|x86.ActiveCfg = Release|Any CPU
		{6156413C-760D-4E65-AF39-D19A53DC2D3F}.Release|x86.Build.0 = Release|Any CPU
		{2CC5C13C-C753-4020-A61B-83F27DBB8024}.Debug|Any CPU.ActiveCfg = Debug|Any CPU
		{2CC5C13C-C753-4020-A61B-83F27DBB8024}.Debug|Any CPU.Build.0 = Debug|Any CPU
		{2CC5C13C-C753-4020-A61B-83F27DBB8024}.Debug|x64.ActiveCfg = Debug|Any CPU
		{2CC5C13C-C753-4020-A61B-83F27DBB8024}.Debug|x64.Build.0 = Debug|Any CPU
		{2CC5C13C-C753-4020-A61B-83F27DBB8024}.Debug|x86.ActiveCfg = Debug|Any CPU
		{2CC5C13C-C753-4020-A61B-83F27DBB8024}.Debug|x86.Build.0 = Debug|Any CPU
		{2CC5C13C-C753-4020-A61B-83F27DBB8024}.Release|Any CPU.ActiveCfg = Release|Any CPU
		{2CC5C13C-C753-4020-A61B-83F27DBB8024}.Release|Any CPU.Build.0 = Release|Any CPU
		{2CC5C13C-C753-4020-A61B-83F27DBB8024}.Release|x64.ActiveCfg = Release|Any CPU
		{2CC5C13C-C753-4020-A61B-83F27DBB8024}.Release|x64.Build.0 = Release|Any CPU
		{2CC5C13C-C753-4020-A61B-83F27DBB8024}.Release|x86.ActiveCfg = Release|Any CPU
		{2CC5C13C-C753-4020-A61B-83F27DBB8024}.Release|x86.Build.0 = Release|Any CPU
		{65A9C9F5-B463-4F1A-BCE6-D1FEDAB7F255}.Debug|Any CPU.ActiveCfg = Debug|Any CPU
		{65A9C9F5-B463-4F1A-BCE6-D1FEDAB7F255}.Debug|Any CPU.Build.0 = Debug|Any CPU
		{65A9C9F5-B463-4F1A-BCE6-D1FEDAB7F255}.Debug|x64.ActiveCfg = Debug|Any CPU
		{65A9C9F5-B463-4F1A-BCE6-D1FEDAB7F255}.Debug|x64.Build.0 = Debug|Any CPU
		{65A9C9F5-B463-4F1A-BCE6-D1FEDAB7F255}.Debug|x86.ActiveCfg = Debug|Any CPU
		{65A9C9F5-B463-4F1A-BCE6-D1FEDAB7F255}.Debug|x86.Build.0 = Debug|Any CPU
		{65A9C9F5-B463-4F1A-BCE6-D1FEDAB7F255}.Release|Any CPU.ActiveCfg = Release|Any CPU
		{65A9C9F5-B463-4F1A-BCE6-D1FEDAB7F255}.Release|Any CPU.Build.0 = Release|Any CPU
		{65A9C9F5-B463-4F1A-BCE6-D1FEDAB7F255}.Release|x64.ActiveCfg = Release|Any CPU
		{65A9C9F5-B463-4F1A-BCE6-D1FEDAB7F255}.Release|x64.Build.0 = Release|Any CPU
		{65A9C9F5-B463-4F1A-BCE6-D1FEDAB7F255}.Release|x86.ActiveCfg = Release|Any CPU
		{65A9C9F5-B463-4F1A-BCE6-D1FEDAB7F255}.Release|x86.Build.0 = Release|Any CPU
		{294033CF-0C33-4E16-823E-048559A05EA4}.Debug|Any CPU.ActiveCfg = Debug|Any CPU
		{294033CF-0C33-4E16-823E-048559A05EA4}.Debug|Any CPU.Build.0 = Debug|Any CPU
		{294033CF-0C33-4E16-823E-048559A05EA4}.Debug|x64.ActiveCfg = Debug|Any CPU
		{294033CF-0C33-4E16-823E-048559A05EA4}.Debug|x64.Build.0 = Debug|Any CPU
		{294033CF-0C33-4E16-823E-048559A05EA4}.Debug|x86.ActiveCfg = Debug|Any CPU
		{294033CF-0C33-4E16-823E-048559A05EA4}.Debug|x86.Build.0 = Debug|Any CPU
		{294033CF-0C33-4E16-823E-048559A05EA4}.Release|Any CPU.ActiveCfg = Release|Any CPU
		{294033CF-0C33-4E16-823E-048559A05EA4}.Release|Any CPU.Build.0 = Release|Any CPU
		{294033CF-0C33-4E16-823E-048559A05EA4}.Release|x64.ActiveCfg = Release|Any CPU
		{294033CF-0C33-4E16-823E-048559A05EA4}.Release|x64.Build.0 = Release|Any CPU
		{294033CF-0C33-4E16-823E-048559A05EA4}.Release|x86.ActiveCfg = Release|Any CPU
		{294033CF-0C33-4E16-823E-048559A05EA4}.Release|x86.Build.0 = Release|Any CPU
		{7C03E1AA-2B45-400A-AC3E-0ECD1BC27C9E}.Debug|Any CPU.ActiveCfg = Debug|Any CPU
		{7C03E1AA-2B45-400A-AC3E-0ECD1BC27C9E}.Debug|Any CPU.Build.0 = Debug|Any CPU
		{7C03E1AA-2B45-400A-AC3E-0ECD1BC27C9E}.Debug|x64.ActiveCfg = Debug|Any CPU
		{7C03E1AA-2B45-400A-AC3E-0ECD1BC27C9E}.Debug|x64.Build.0 = Debug|Any CPU
		{7C03E1AA-2B45-400A-AC3E-0ECD1BC27C9E}.Debug|x86.ActiveCfg = Debug|Any CPU
		{7C03E1AA-2B45-400A-AC3E-0ECD1BC27C9E}.Debug|x86.Build.0 = Debug|Any CPU
		{7C03E1AA-2B45-400A-AC3E-0ECD1BC27C9E}.Release|Any CPU.ActiveCfg = Release|Any CPU
		{7C03E1AA-2B45-400A-AC3E-0ECD1BC27C9E}.Release|Any CPU.Build.0 = Release|Any CPU
		{7C03E1AA-2B45-400A-AC3E-0ECD1BC27C9E}.Release|x64.ActiveCfg = Release|Any CPU
		{7C03E1AA-2B45-400A-AC3E-0ECD1BC27C9E}.Release|x64.Build.0 = Release|Any CPU
		{7C03E1AA-2B45-400A-AC3E-0ECD1BC27C9E}.Release|x86.ActiveCfg = Release|Any CPU
		{7C03E1AA-2B45-400A-AC3E-0ECD1BC27C9E}.Release|x86.Build.0 = Release|Any CPU
		{D6C37227-6AA0-4084-953B-22C04C74736E}.Debug|Any CPU.ActiveCfg = Debug|Any CPU
		{D6C37227-6AA0-4084-953B-22C04C74736E}.Debug|Any CPU.Build.0 = Debug|Any CPU
		{D6C37227-6AA0-4084-953B-22C04C74736E}.Debug|x64.ActiveCfg = Debug|Any CPU
		{D6C37227-6AA0-4084-953B-22C04C74736E}.Debug|x64.Build.0 = Debug|Any CPU
		{D6C37227-6AA0-4084-953B-22C04C74736E}.Debug|x86.ActiveCfg = Debug|Any CPU
		{D6C37227-6AA0-4084-953B-22C04C74736E}.Debug|x86.Build.0 = Debug|Any CPU
		{D6C37227-6AA0-4084-953B-22C04C74736E}.Release|Any CPU.ActiveCfg = Release|Any CPU
		{D6C37227-6AA0-4084-953B-22C04C74736E}.Release|Any CPU.Build.0 = Release|Any CPU
		{D6C37227-6AA0-4084-953B-22C04C74736E}.Release|x64.ActiveCfg = Release|Any CPU
		{D6C37227-6AA0-4084-953B-22C04C74736E}.Release|x64.Build.0 = Release|Any CPU
		{D6C37227-6AA0-4084-953B-22C04C74736E}.Release|x86.ActiveCfg = Release|Any CPU
		{D6C37227-6AA0-4084-953B-22C04C74736E}.Release|x86.Build.0 = Release|Any CPU
		{AED58539-9D7D-4134-8328-2B60C807A901}.Debug|Any CPU.ActiveCfg = Debug|Any CPU
		{AED58539-9D7D-4134-8328-2B60C807A901}.Debug|Any CPU.Build.0 = Debug|Any CPU
		{AED58539-9D7D-4134-8328-2B60C807A901}.Debug|x64.ActiveCfg = Debug|Any CPU
		{AED58539-9D7D-4134-8328-2B60C807A901}.Debug|x64.Build.0 = Debug|Any CPU
		{AED58539-9D7D-4134-8328-2B60C807A901}.Debug|x86.ActiveCfg = Debug|Any CPU
		{AED58539-9D7D-4134-8328-2B60C807A901}.Debug|x86.Build.0 = Debug|Any CPU
		{AED58539-9D7D-4134-8328-2B60C807A901}.Release|Any CPU.ActiveCfg = Release|Any CPU
		{AED58539-9D7D-4134-8328-2B60C807A901}.Release|Any CPU.Build.0 = Release|Any CPU
		{AED58539-9D7D-4134-8328-2B60C807A901}.Release|x64.ActiveCfg = Release|Any CPU
		{AED58539-9D7D-4134-8328-2B60C807A901}.Release|x64.Build.0 = Release|Any CPU
		{AED58539-9D7D-4134-8328-2B60C807A901}.Release|x86.ActiveCfg = Release|Any CPU
		{AED58539-9D7D-4134-8328-2B60C807A901}.Release|x86.Build.0 = Release|Any CPU
		{0D6F56A8-8D26-4C58-942D-87AD515E530A}.Debug|Any CPU.ActiveCfg = Debug|Any CPU
		{0D6F56A8-8D26-4C58-942D-87AD515E530A}.Debug|Any CPU.Build.0 = Debug|Any CPU
		{0D6F56A8-8D26-4C58-942D-87AD515E530A}.Debug|x64.ActiveCfg = Debug|Any CPU
		{0D6F56A8-8D26-4C58-942D-87AD515E530A}.Debug|x64.Build.0 = Debug|Any CPU
		{0D6F56A8-8D26-4C58-942D-87AD515E530A}.Debug|x86.ActiveCfg = Debug|Any CPU
		{0D6F56A8-8D26-4C58-942D-87AD515E530A}.Debug|x86.Build.0 = Debug|Any CPU
		{0D6F56A8-8D26-4C58-942D-87AD515E530A}.Release|Any CPU.ActiveCfg = Release|Any CPU
		{0D6F56A8-8D26-4C58-942D-87AD515E530A}.Release|Any CPU.Build.0 = Release|Any CPU
		{0D6F56A8-8D26-4C58-942D-87AD515E530A}.Release|x64.ActiveCfg = Release|Any CPU
		{0D6F56A8-8D26-4C58-942D-87AD515E530A}.Release|x64.Build.0 = Release|Any CPU
		{0D6F56A8-8D26-4C58-942D-87AD515E530A}.Release|x86.ActiveCfg = Release|Any CPU
		{0D6F56A8-8D26-4C58-942D-87AD515E530A}.Release|x86.Build.0 = Release|Any CPU
		{D8E777F9-2C9E-41B0-9812-3E51B373209D}.Debug|Any CPU.ActiveCfg = Debug|Any CPU
		{D8E777F9-2C9E-41B0-9812-3E51B373209D}.Debug|Any CPU.Build.0 = Debug|Any CPU
		{D8E777F9-2C9E-41B0-9812-3E51B373209D}.Debug|x64.ActiveCfg = Debug|Any CPU
		{D8E777F9-2C9E-41B0-9812-3E51B373209D}.Debug|x64.Build.0 = Debug|Any CPU
		{D8E777F9-2C9E-41B0-9812-3E51B373209D}.Debug|x86.ActiveCfg = Debug|Any CPU
		{D8E777F9-2C9E-41B0-9812-3E51B373209D}.Debug|x86.Build.0 = Debug|Any CPU
		{D8E777F9-2C9E-41B0-9812-3E51B373209D}.Release|Any CPU.ActiveCfg = Release|Any CPU
		{D8E777F9-2C9E-41B0-9812-3E51B373209D}.Release|Any CPU.Build.0 = Release|Any CPU
		{D8E777F9-2C9E-41B0-9812-3E51B373209D}.Release|x64.ActiveCfg = Release|Any CPU
		{D8E777F9-2C9E-41B0-9812-3E51B373209D}.Release|x64.Build.0 = Release|Any CPU
		{D8E777F9-2C9E-41B0-9812-3E51B373209D}.Release|x86.ActiveCfg = Release|Any CPU
		{D8E777F9-2C9E-41B0-9812-3E51B373209D}.Release|x86.Build.0 = Release|Any CPU
	EndGlobalSection
	GlobalSection(SolutionProperties) = preSolution
		HideSolutionNode = FALSE
	EndGlobalSection
	GlobalSection(NestedProjects) = preSolution
		{779CC6D4-7CE0-4AE2-8C28-4AD005A79F5D} = {88EF9B0A-22A6-436B-B9F6-369DABC0CD8C}
		{EF1859C9-6260-4720-93C7-18A41A205EE7} = {440D100E-0E4E-4715-8410-07ABCFA9DB59}
		{6CC71D50-BE42-4001-8C08-997FF42B3DE6} = {91E41F19-D7AC-4C39-B185-D55B7CA40ADA}
		{6156413C-760D-4E65-AF39-D19A53DC2D3F} = {91E41F19-D7AC-4C39-B185-D55B7CA40ADA}
		{2CC5C13C-C753-4020-A61B-83F27DBB8024} = {90D433AD-703C-4931-A27E-6E42E6182179}
		{65A9C9F5-B463-4F1A-BCE6-D1FEDAB7F255} = {90D433AD-703C-4931-A27E-6E42E6182179}
		{294033CF-0C33-4E16-823E-048559A05EA4} = {F8275A1B-4DBB-42F7-B339-4623827706E3}
		{7C03E1AA-2B45-400A-AC3E-0ECD1BC27C9E} = {F4B7642F-812B-4893-A10A-27886BDF8875}
		{D6C37227-6AA0-4084-953B-22C04C74736E} = {91E41F19-D7AC-4C39-B185-D55B7CA40ADA}
		{AED58539-9D7D-4134-8328-2B60C807A901} = {F4B7642F-812B-4893-A10A-27886BDF8875}
		{0D6F56A8-8D26-4C58-942D-87AD515E530A} = {88EF9B0A-22A6-436B-B9F6-369DABC0CD8C}
	EndGlobalSection
	GlobalSection(ExtensibilityGlobals) = postSolution
		SolutionGuid = {259D9202-96D6-436D-A9CA-97642DCC11E2}
	EndGlobalSection
EndGlobal
